
Microsoft Visual Studio Solution File, Format Version 12.00
# Visual Studio Version 17
VisualStudioVersion = 17.13.35806.99 d17.13
MinimumVisualStudioVersion = 10.0.40219.1
Project("{FAE04EC0-301F-11D3-BF4B-00C04F79EFBC}") = "EXE201", "EXE201\EXE201.csproj", "{20100262-35BA-43DF-81E8-109FF24B5EC5}"
EndProject
Global
	GlobalSection(SolutionConfigurationPlatforms) = preSolution
		Debug|Any CPU = Debug|Any CPU
		Release|Any CPU = Release|Any CPU
	EndGlobalSection
	GlobalSection(ProjectConfigurationPlatforms) = postSolution
		{20100262-35BA-43DF-81E8-109FF24B5EC5}.Debug|Any CPU.ActiveCfg = Debug|Any CPU
		{20100262-35BA-43DF-81E8-109FF24B5EC5}.Debug|Any CPU.Build.0 = Debug|Any CPU
		{20100262-35BA-43DF-81E8-109FF24B5EC5}.Release|Any CPU.ActiveCfg = Release|Any CPU
		{20100262-35BA-43DF-81E8-109FF24B5EC5}.Release|Any CPU.Build.0 = Release|Any CPU
	EndGlobalSection
	GlobalSection(SolutionProperties) = preSolution
		HideSolutionNode = FALSE
	EndGlobalSection
	GlobalSection(ExtensibilityGlobals) = postSolution
		SolutionGuid = {CB63AF35-6C8B-4CBA-9035-CBCDE06798A0}
	EndGlobalSection
EndGlobal
